
Microsoft Visual Studio Solution File, Format Version 12.00
# Visual Studio Version 17
VisualStudioVersion = 17.8.34316.72
MinimumVisualStudioVersion = 10.0.40219.1
Project("{FAE04EC0-301F-11D3-BF4B-00C04F79EFBC}") = "PrimeNumbers", "PrimeNumbers.csproj", "{92980FE9-9D36-46E9-8909-637FF1130091}"
EndProject
Global
	GlobalSection(SolutionConfigurationPlatforms) = preSolution
		Debug|Any CPU = Debug|Any CPU
		Release|Any CPU = Release|Any CPU
	EndGlobalSection
	GlobalSection(ProjectConfigurationPlatforms) = postSolution
		{92980FE9-9D36-46E9-8909-637FF1130091}.Debug|Any CPU.ActiveCfg = Debug|Any CPU
		{92980FE9-9D36-46E9-8909-637FF1130091}.Debug|Any CPU.Build.0 = Debug|Any CPU
		{92980FE9-9D36-46E9-8909-637FF1130091}.Release|Any CPU.ActiveCfg = Release|Any CPU
		{92980FE9-9D36-46E9-8909-637FF1130091}.Release|Any CPU.Build.0 = Release|Any CPU
	EndGlobalSection
	GlobalSection(SolutionProperties) = preSolution
		HideSolutionNode = FALSE
	EndGlobalSection
	GlobalSection(ExtensibilityGlobals) = postSolution
		SolutionGuid = {FE24F054-9211-46EE-BF48-6AF78E8FEDEF}
	EndGlobalSection
EndGlobal
